
Microsoft Visual Studio Solution File, Format Version 12.00
# Visual Studio 15
VisualStudioVersion = 15.0.27130.2027
MinimumVisualStudioVersion = 10.0.40219.1
Project("{FAE04EC0-301F-11D3-BF4B-00C04F79EFBC}") = "CEGEP_Student", "CEGEP_Student.csproj", "{4A9B685E-3092-41CA-A204-1F24630B3A2B}"
EndProject
Project("{FAE04EC0-301F-11D3-BF4B-00C04F79EFBC}") = "AMCP", "..\AMCP\AMCP.csproj", "{D9C7A04C-F953-4C52-A7E7-2201AA93D880}"
EndProject
Project("{FAE04EC0-301F-11D3-BF4B-00C04F79EFBC}") = "AMCP_ExtraModule", "..\AMCP_ExtraModule\AMCP_ExtraModule.csproj", "{35F3FC01-87E5-4904-8311-3EF77F200E54}"
EndProject
Project("{FAE04EC0-301F-11D3-BF4B-00C04F79EFBC}") = "AMCPTest", "..\AMCPTest\AMCPTest.csproj", "{F03159CE-F366-4E27-A744-21E6DBAAA414}"
EndProject
Global
	GlobalSection(SolutionConfigurationPlatforms) = preSolution
		Debug|Any CPU = Debug|Any CPU
		Release|Any CPU = Release|Any CPU
	EndGlobalSection
	GlobalSection(ProjectConfigurationPlatforms) = postSolution
		{4A9B685E-3092-41CA-A204-1F24630B3A2B}.Debug|Any CPU.ActiveCfg = Debug|Any CPU
		{4A9B685E-3092-41CA-A204-1F24630B3A2B}.Debug|Any CPU.Build.0 = Debug|Any CPU
		{4A9B685E-3092-41CA-A204-1F24630B3A2B}.Release|Any CPU.ActiveCfg = Release|Any CPU
		{4A9B685E-3092-41CA-A204-1F24630B3A2B}.Release|Any CPU.Build.0 = Release|Any CPU
		{D9C7A04C-F953-4C52-A7E7-2201AA93D880}.Debug|Any CPU.ActiveCfg = Debug|Any CPU
		{D9C7A04C-F953-4C52-A7E7-2201AA93D880}.Debug|Any CPU.Build.0 = Debug|Any CPU
		{D9C7A04C-F953-4C52-A7E7-2201AA93D880}.Release|Any CPU.ActiveCfg = Release|Any CPU
		{D9C7A04C-F953-4C52-A7E7-2201AA93D880}.Release|Any CPU.Build.0 = Release|Any CPU
		{35F3FC01-87E5-4904-8311-3EF77F200E54}.Debug|Any CPU.ActiveCfg = Debug|Any CPU
		{35F3FC01-87E5-4904-8311-3EF77F200E54}.Debug|Any CPU.Build.0 = Debug|Any CPU
		{35F3FC01-87E5-4904-8311-3EF77F200E54}.Release|Any CPU.ActiveCfg = Release|Any CPU
		{35F3FC01-87E5-4904-8311-3EF77F200E54}.Release|Any CPU.Build.0 = Release|Any CPU
		{F03159CE-F366-4E27-A744-21E6DBAAA414}.Debug|Any CPU.ActiveCfg = Debug|Any CPU
		{F03159CE-F366-4E27-A744-21E6DBAAA414}.Debug|Any CPU.Build.0 = Debug|Any CPU
		{F03159CE-F366-4E27-A744-21E6DBAAA414}.Release|Any CPU.ActiveCfg = Release|Any CPU
		{F03159CE-F366-4E27-A744-21E6DBAAA414}.Release|Any CPU.Build.0 = Release|Any CPU
	EndGlobalSection
	GlobalSection(SolutionProperties) = preSolution
		HideSolutionNode = FALSE
	EndGlobalSection
	GlobalSection(ExtensibilityGlobals) = postSolution
		SolutionGuid = {424F5F95-8AC1-4F34-9E62-BB6C7BC39DD0}
	EndGlobalSection
EndGlobal
